
Microsoft Visual Studio Solution File, Format Version 12.00
# Visual Studio Version 17
VisualStudioVersion = 17.8.34525.116
MinimumVisualStudioVersion = 10.0.40219.1
Project("{FAE04EC0-301F-11D3-BF4B-00C04F79EFBC}") = "GameStore", "GameStore.csproj", "{1F7BD00F-6AA2-4520-A78A-21BDF6D00262}"
EndProject
Global
	GlobalSection(SolutionConfigurationPlatforms) = preSolution
		Debug|Any CPU = Debug|Any CPU
		Release|Any CPU = Release|Any CPU
	EndGlobalSection
	GlobalSection(ProjectConfigurationPlatforms) = postSolution
		{1F7BD00F-6AA2-4520-A78A-21BDF6D00262}.Debug|Any CPU.ActiveCfg = Debug|Any CPU
		{1F7BD00F-6AA2-4520-A78A-21BDF6D00262}.Debug|Any CPU.Build.0 = Debug|Any CPU
		{1F7BD00F-6AA2-4520-A78A-21BDF6D00262}.Release|Any CPU.ActiveCfg = Release|Any CPU
		{1F7BD00F-6AA2-4520-A78A-21BDF6D00262}.Release|Any CPU.Build.0 = Release|Any CPU
	EndGlobalSection
	GlobalSection(SolutionProperties) = preSolution
		HideSolutionNode = FALSE
	EndGlobalSection
	GlobalSection(ExtensibilityGlobals) = postSolution
		SolutionGuid = {8F6A6FBF-465B-4804-8B5A-071CDF959D68}
	EndGlobalSection
EndGlobal
